
Microsoft Visual Studio Solution File, Format Version 12.00
# Visual Studio Version 16
VisualStudioVersion = 16.0.29215.179
MinimumVisualStudioVersion = 10.0.40219.1
Project("{FAE04EC0-301F-11D3-BF4B-00C04F79EFBC}") = "TrainGame", "TrainGame\TrainGame.csproj", "{04F8486F-E303-4E60-BDF3-492D62F967D5}"
EndProject
Global
	GlobalSection(SolutionConfigurationPlatforms) = preSolution
		Debug|Any CPU = Debug|Any CPU
		Release|Any CPU = Release|Any CPU
	EndGlobalSection
	GlobalSection(ProjectConfigurationPlatforms) = postSolution
		{04F8486F-E303-4E60-BDF3-492D62F967D5}.Debug|Any CPU.ActiveCfg = Debug|Any CPU
		{04F8486F-E303-4E60-BDF3-492D62F967D5}.Debug|Any CPU.Build.0 = Debug|Any CPU
		{04F8486F-E303-4E60-BDF3-492D62F967D5}.Release|Any CPU.ActiveCfg = Release|Any CPU
		{04F8486F-E303-4E60-BDF3-492D62F967D5}.Release|Any CPU.Build.0 = Release|Any CPU
	EndGlobalSection
	GlobalSection(SolutionProperties) = preSolution
		HideSolutionNode = FALSE
	EndGlobalSection
	GlobalSection(ExtensibilityGlobals) = postSolution
		SolutionGuid = {B404F27A-20CF-4353-8F63-3A86CDD0CB4B}
	EndGlobalSection
EndGlobal
